
Microsoft Visual Studio Solution File, Format Version 12.00
# Visual Studio Version 17
VisualStudioVersion = 17.4.33213.308
MinimumVisualStudioVersion = 10.0.40219.1
Project("{FAE04EC0-301F-11D3-BF4B-00C04F79EFBC}") = "Wpf-Proj1", "Wpf-Proj1.csproj", "{FBB0BC31-F66A-4C19-98CD-99D53FAFDFB7}"
EndProject
Global
	GlobalSection(SolutionConfigurationPlatforms) = preSolution
		Debug|Any CPU = Debug|Any CPU
		Release|Any CPU = Release|Any CPU
	EndGlobalSection
	GlobalSection(ProjectConfigurationPlatforms) = postSolution
		{FBB0BC31-F66A-4C19-98CD-99D53FAFDFB7}.Debug|Any CPU.ActiveCfg = Debug|Any CPU
		{FBB0BC31-F66A-4C19-98CD-99D53FAFDFB7}.Debug|Any CPU.Build.0 = Debug|Any CPU
		{FBB0BC31-F66A-4C19-98CD-99D53FAFDFB7}.Release|Any CPU.ActiveCfg = Release|Any CPU
		{FBB0BC31-F66A-4C19-98CD-99D53FAFDFB7}.Release|Any CPU.Build.0 = Release|Any CPU
	EndGlobalSection
	GlobalSection(SolutionProperties) = preSolution
		HideSolutionNode = FALSE
	EndGlobalSection
	GlobalSection(ExtensibilityGlobals) = postSolution
		SolutionGuid = {BEDD2AD8-2372-487C-84AE-FEA1F5272E39}
	EndGlobalSection
EndGlobal
